
Microsoft Visual Studio Solution File, Format Version 12.00
# Visual Studio Version 16
VisualStudioVersion = 16.0.31004.235
MinimumVisualStudioVersion = 10.0.40219.1
Project("{8BC9CEB8-8B4A-11D0-8D11-00A0C91BC942}") = "结构体中const使用场景", "结构体中const使用场景.vcxproj", "{6310BDC7-A2D8-4B39-90DF-B4E4EBCFD95D}"
EndProject
Global
	GlobalSection(SolutionConfigurationPlatforms) = preSolution
		Debug|x64 = Debug|x64
		Debug|x86 = Debug|x86
		Release|x64 = Release|x64
		Release|x86 = Release|x86
	EndGlobalSection
	GlobalSection(ProjectConfigurationPlatforms) = postSolution
		{6310BDC7-A2D8-4B39-90DF-B4E4EBCFD95D}.Debug|x64.ActiveCfg = Debug|x64
		{6310BDC7-A2D8-4B39-90DF-B4E4EBCFD95D}.Debug|x64.Build.0 = Debug|x64
		{6310BDC7-A2D8-4B39-90DF-B4E4EBCFD95D}.Debug|x86.ActiveCfg = Debug|Win32
		{6310BDC7-A2D8-4B39-90DF-B4E4EBCFD95D}.Debug|x86.Build.0 = Debug|Win32
		{6310BDC7-A2D8-4B39-90DF-B4E4EBCFD95D}.Release|x64.ActiveCfg = Release|x64
		{6310BDC7-A2D8-4B39-90DF-B4E4EBCFD95D}.Release|x64.Build.0 = Release|x64
		{6310BDC7-A2D8-4B39-90DF-B4E4EBCFD95D}.Release|x86.ActiveCfg = Release|Win32
		{6310BDC7-A2D8-4B39-90DF-B4E4EBCFD95D}.Release|x86.Build.0 = Release|Win32
	EndGlobalSection
	GlobalSection(SolutionProperties) = preSolution
		HideSolutionNode = FALSE
	EndGlobalSection
	GlobalSection(ExtensibilityGlobals) = postSolution
		SolutionGuid = {E53AF7F1-3E43-4838-BBCE-0C57C872A9E4}
	EndGlobalSection
EndGlobal
