
Microsoft Visual Studio Solution File, Format Version 12.00
# Visual Studio Version 16
VisualStudioVersion = 16.0.30914.41
MinimumVisualStudioVersion = 10.0.40219.1
Project("{8BC9CEB8-8B4A-11D0-8D11-00A0C91BC942}") = "嵌套循环案例——乘法口诀表", "嵌套循环案例——乘法口诀表.vcxproj", "{09336527-CEA1-406D-B3F2-98F2E6755375}"
EndProject
Global
	GlobalSection(SolutionConfigurationPlatforms) = preSolution
		Debug|x64 = Debug|x64
		Debug|x86 = Debug|x86
		Release|x64 = Release|x64
		Release|x86 = Release|x86
	EndGlobalSection
	GlobalSection(ProjectConfigurationPlatforms) = postSolution
		{09336527-CEA1-406D-B3F2-98F2E6755375}.Debug|x64.ActiveCfg = Debug|x64
		{09336527-CEA1-406D-B3F2-98F2E6755375}.Debug|x64.Build.0 = Debug|x64
		{09336527-CEA1-406D-B3F2-98F2E6755375}.Debug|x86.ActiveCfg = Debug|Win32
		{09336527-CEA1-406D-B3F2-98F2E6755375}.Debug|x86.Build.0 = Debug|Win32
		{09336527-CEA1-406D-B3F2-98F2E6755375}.Release|x64.ActiveCfg = Release|x64
		{09336527-CEA1-406D-B3F2-98F2E6755375}.Release|x64.Build.0 = Release|x64
		{09336527-CEA1-406D-B3F2-98F2E6755375}.Release|x86.ActiveCfg = Release|Win32
		{09336527-CEA1-406D-B3F2-98F2E6755375}.Release|x86.Build.0 = Release|Win32
	EndGlobalSection
	GlobalSection(SolutionProperties) = preSolution
		HideSolutionNode = FALSE
	EndGlobalSection
	GlobalSection(ExtensibilityGlobals) = postSolution
		SolutionGuid = {B5C227FA-0193-4708-AD26-E86E7841FE9C}
	EndGlobalSection
EndGlobal
